
Microsoft Visual Studio Solution File, Format Version 12.00
# Visual Studio Version 17
VisualStudioVersion = 17.1.32228.430
MinimumVisualStudioVersion = 10.0.40219.1
Project("{9A19103F-16F7-4668-BE54-9A1E7A4F7556}") = "Service.Integration.Process", "Service.Integration.Process\Service.Integration.Process.csproj", "{02C4C8F1-975F-42F5-BBEA-B6E33F280E3C}"
EndProject
Project("{FAE04EC0-301F-11D3-BF4B-00C04F79EFBC}") = "Service.Integration.WorkerService", "..\Service.Integration.WorkerService\Service.Integration.WorkerService.csproj", "{54AEE23E-1B34-4DF7-ACE7-C3B0C4641AB2}"
EndProject
Global
	GlobalSection(SolutionConfigurationPlatforms) = preSolution
		Debug|Any CPU = Debug|Any CPU
		Release|Any CPU = Release|Any CPU
	EndGlobalSection
	GlobalSection(ProjectConfigurationPlatforms) = postSolution
		{02C4C8F1-975F-42F5-BBEA-B6E33F280E3C}.Debug|Any CPU.ActiveCfg = Debug|Any CPU
		{02C4C8F1-975F-42F5-BBEA-B6E33F280E3C}.Debug|Any CPU.Build.0 = Debug|Any CPU
		{02C4C8F1-975F-42F5-BBEA-B6E33F280E3C}.Release|Any CPU.ActiveCfg = Release|Any CPU
		{02C4C8F1-975F-42F5-BBEA-B6E33F280E3C}.Release|Any CPU.Build.0 = Release|Any CPU
		{54AEE23E-1B34-4DF7-ACE7-C3B0C4641AB2}.Debug|Any CPU.ActiveCfg = Debug|Any CPU
		{54AEE23E-1B34-4DF7-ACE7-C3B0C4641AB2}.Debug|Any CPU.Build.0 = Debug|Any CPU
		{54AEE23E-1B34-4DF7-ACE7-C3B0C4641AB2}.Release|Any CPU.ActiveCfg = Release|Any CPU
		{54AEE23E-1B34-4DF7-ACE7-C3B0C4641AB2}.Release|Any CPU.Build.0 = Release|Any CPU
	EndGlobalSection
	GlobalSection(SolutionProperties) = preSolution
		HideSolutionNode = FALSE
	EndGlobalSection
	GlobalSection(ExtensibilityGlobals) = postSolution
		SolutionGuid = {0F1FB75B-B538-4982-B4A8-F1DBDD30C43A}
	EndGlobalSection
EndGlobal
